// !$*UTF8*$!
{
	archiveVersion = 1;
	classes = {
	};
	objectVersion = 55;
	objects = {

/* Begin PBXBuildFile section */
		31C411460B317CA73B74701E /* Pods_Instagram_InstagramUITests.framework in Frameworks */ = {isa = PBXBuildFile; fileRef = 61B5FEE403A0D9CDE3B41D62 /* Pods_Instagram_InstagramUITests.framework */; };
		46DA7A261BF70EEA9BECBEF4 /* Pods_Instagram.framework in Frameworks */ = {isa = PBXBuildFile; fileRef = 0082689585A38A3D94008D4F /* Pods_Instagram.framework */; };
		9E58853D91104D02240A97AB /* Pods_InstagramTests.framework in Frameworks */ = {isa = PBXBuildFile; fileRef = E1B7DE85F54DE6D5249142DF /* Pods_InstagramTests.framework */; };
		EEA661CD286A420000D1CADB /* AppDelegate.m in Sources */ = {isa = PBXBuildFile; fileRef = EEA661CC286A420000D1CADB /* AppDelegate.m */; };
		EEA661D0286A420000D1CADB /* SceneDelegate.m in Sources */ = {isa = PBXBuildFile; fileRef = EEA661CF286A420000D1CADB /* SceneDelegate.m */; };
		EEA661D3286A420000D1CADB /* ViewController.m in Sources */ = {isa = PBXBuildFile; fileRef = EEA661D2286A420000D1CADB /* ViewController.m */; };
		EEA661D6286A420000D1CADB /* Main.storyboard in Resources */ = {isa = PBXBuildFile; fileRef = EEA661D4286A420000D1CADB /* Main.storyboard */; };
		EEA661D8286A420100D1CADB /* Assets.xcassets in Resources */ = {isa = PBXBuildFile; fileRef = EEA661D7286A420100D1CADB /* Assets.xcassets */; };
		EEA661DB286A420100D1CADB /* LaunchScreen.storyboard in Resources */ = {isa = PBXBuildFile; fileRef = EEA661D9286A420100D1CADB /* LaunchScreen.storyboard */; };
		EEA661DE286A420100D1CADB /* main.m in Sources */ = {isa = PBXBuildFile; fileRef = EEA661DD286A420100D1CADB /* main.m */; };
		EEA661E8286A420100D1CADB /* InstagramTests.m in Sources */ = {isa = PBXBuildFile; fileRef = EEA661E7286A420100D1CADB /* InstagramTests.m */; };
		EEA661F2286A420100D1CADB /* InstagramUITests.m in Sources */ = {isa = PBXBuildFile; fileRef = EEA661F1286A420100D1CADB /* InstagramUITests.m */; };
		EEA661F4286A420100D1CADB /* InstagramUITestsLaunchTests.m in Sources */ = {isa = PBXBuildFile; fileRef = EEA661F3286A420100D1CADB /* InstagramUITestsLaunchTests.m */; };
		EEA66204286A4ADB00D1CADB /* LoginViewController.m in Sources */ = {isa = PBXBuildFile; fileRef = EEA66203286A4ADB00D1CADB /* LoginViewController.m */; };
		EEA66207286A4F8300D1CADB /* FeedViewController.m in Sources */ = {isa = PBXBuildFile; fileRef = EEA66206286A4F8300D1CADB /* FeedViewController.m */; };
		EECCE874286A6270000D2054 /* ComposeViewController.m in Sources */ = {isa = PBXBuildFile; fileRef = EECCE873286A6270000D2054 /* ComposeViewController.m */; };
		EECCE878286A70F1000D2054 /* Post.m in Sources */ = {isa = PBXBuildFile; fileRef = EECCE877286A70F1000D2054 /* Post.m */; };
/* End PBXBuildFile section */

/* Begin PBXContainerItemProxy section */
		EEA661E4286A420100D1CADB /* PBXContainerItemProxy */ = {
			isa = PBXContainerItemProxy;
			containerPortal = EEA661C0286A420000D1CADB /* Project object */;
			proxyType = 1;
			remoteGlobalIDString = EEA661C7286A420000D1CADB;
			remoteInfo = Instagram;
		};
		EEA661EE286A420100D1CADB /* PBXContainerItemProxy */ = {
			isa = PBXContainerItemProxy;
			containerPortal = EEA661C0286A420000D1CADB /* Project object */;
			proxyType = 1;
			remoteGlobalIDString = EEA661C7286A420000D1CADB;
			remoteInfo = Instagram;
		};
/* End PBXContainerItemProxy section */

/* Begin PBXFileReference section */
		0082689585A38A3D94008D4F /* Pods_Instagram.framework */ = {isa = PBXFileReference; explicitFileType = wrapper.framework; includeInIndex = 0; path = Pods_Instagram.framework; sourceTree = BUILT_PRODUCTS_DIR; };
		43E19CBE1C851364226CFA8E /* Pods-Instagram-InstagramUITests.debug.xcconfig */ = {isa = PBXFileReference; includeInIndex = 1; lastKnownFileType = text.xcconfig; name = "Pods-Instagram-InstagramUITests.debug.xcconfig"; path = "Target Support Files/Pods-Instagram-InstagramUITests/Pods-Instagram-InstagramUITests.debug.xcconfig"; sourceTree = "<group>"; };
		5357AEE279EA603F7964147D /* Pods-Instagram.debug.xcconfig */ = {isa = PBXFileReference; includeInIndex = 1; lastKnownFileType = text.xcconfig; name = "Pods-Instagram.debug.xcconfig"; path = "Target Support Files/Pods-Instagram/Pods-Instagram.debug.xcconfig"; sourceTree = "<group>"; };
		61B5FEE403A0D9CDE3B41D62 /* Pods_Instagram_InstagramUITests.framework */ = {isa = PBXFileReference; explicitFileType = wrapper.framework; includeInIndex = 0; path = Pods_Instagram_InstagramUITests.framework; sourceTree = BUILT_PRODUCTS_DIR; };
		9D9CCAB0F8490F7CC0322A19 /* Pods-InstagramTests.debug.xcconfig */ = {isa = PBXFileReference; includeInIndex = 1; lastKnownFileType = text.xcconfig; name = "Pods-InstagramTests.debug.xcconfig"; path = "Target Support Files/Pods-InstagramTests/Pods-InstagramTests.debug.xcconfig"; sourceTree = "<group>"; };
		A27950509F4F989EF3659DFD /* Pods-InstagramTests.release.xcconfig */ = {isa = PBXFileReference; includeInIndex = 1; lastKnownFileType = text.xcconfig; name = "Pods-InstagramTests.release.xcconfig"; path = "Target Support Files/Pods-InstagramTests/Pods-InstagramTests.release.xcconfig"; sourceTree = "<group>"; };
		D84E43313A144C60FE8A350A /* Pods-Instagram.release.xcconfig */ = {isa = PBXFileReference; includeInIndex = 1; lastKnownFileType = text.xcconfig; name = "Pods-Instagram.release.xcconfig"; path = "Target Support Files/Pods-Instagram/Pods-Instagram.release.xcconfig"; sourceTree = "<group>"; };
		E1B7DE85F54DE6D5249142DF /* Pods_InstagramTests.framework */ = {isa = PBXFileReference; explicitFileType = wrapper.framework; includeInIndex = 0; path = Pods_InstagramTests.framework; sourceTree = BUILT_PRODUCTS_DIR; };
		EEA661C8286A420000D1CADB /* Instagram.app */ = {isa = PBXFileReference; explicitFileType = wrapper.application; includeInIndex = 0; path = Instagram.app; sourceTree = BUILT_PRODUCTS_DIR; };
		EEA661CB286A420000D1CADB /* AppDelegate.h */ = {isa = PBXFileReference; lastKnownFileType = sourcecode.c.h; path = AppDelegate.h; sourceTree = "<group>"; };
		EEA661CC286A420000D1CADB /* AppDelegate.m */ = {isa = PBXFileReference; lastKnownFileType = sourcecode.c.objc; path = AppDelegate.m; sourceTree = "<group>"; };
		EEA661CE286A420000D1CADB /* SceneDelegate.h */ = {isa = PBXFileReference; lastKnownFileType = sourcecode.c.h; path = SceneDelegate.h; sourceTree = "<group>"; };
		EEA661CF286A420000D1CADB /* SceneDelegate.m */ = {isa = PBXFileReference; lastKnownFileType = sourcecode.c.objc; path = SceneDelegate.m; sourceTree = "<group>"; };
		EEA661D1286A420000D1CADB /* ViewController.h */ = {isa = PBXFileReference; lastKnownFileType = sourcecode.c.h; path = ViewController.h; sourceTree = "<group>"; };
		EEA661D2286A420000D1CADB /* ViewController.m */ = {isa = PBXFileReference; lastKnownFileType = sourcecode.c.objc; path = ViewController.m; sourceTree = "<group>"; };
		EEA661D5286A420000D1CADB /* Base */ = {isa = PBXFileReference; lastKnownFileType = file.storyboard; name = Base; path = Base.lproj/Main.storyboard; sourceTree = "<group>"; };
		EEA661D7286A420100D1CADB /* Assets.xcassets */ = {isa = PBXFileReference; lastKnownFileType = folder.assetcatalog; path = Assets.xcassets; sourceTree = "<group>"; };
		EEA661DA286A420100D1CADB /* Base */ = {isa = PBXFileReference; lastKnownFileType = file.storyboard; name = Base; path = Base.lproj/LaunchScreen.storyboard; sourceTree = "<group>"; };
		EEA661DC286A420100D1CADB /* Info.plist */ = {isa = PBXFileReference; lastKnownFileType = text.plist.xml; path = Info.plist; sourceTree = "<group>"; };
		EEA661DD286A420100D1CADB /* main.m */ = {isa = PBXFileReference; lastKnownFileType = sourcecode.c.objc; path = main.m; sourceTree = "<group>"; };
		EEA661E3286A420100D1CADB /* InstagramTests.xctest */ = {isa = PBXFileReference; explicitFileType = wrapper.cfbundle; includeInIndex = 0; path = InstagramTests.xctest; sourceTree = BUILT_PRODUCTS_DIR; };
		EEA661E7286A420100D1CADB /* InstagramTests.m */ = {isa = PBXFileReference; lastKnownFileType = sourcecode.c.objc; path = InstagramTests.m; sourceTree = "<group>"; };
		EEA661ED286A420100D1CADB /* InstagramUITests.xctest */ = {isa = PBXFileReference; explicitFileType = wrapper.cfbundle; includeInIndex = 0; path = InstagramUITests.xctest; sourceTree = BUILT_PRODUCTS_DIR; };
		EEA661F1286A420100D1CADB /* InstagramUITests.m */ = {isa = PBXFileReference; lastKnownFileType = sourcecode.c.objc; path = InstagramUITests.m; sourceTree = "<group>"; };
		EEA661F3286A420100D1CADB /* InstagramUITestsLaunchTests.m */ = {isa = PBXFileReference; lastKnownFileType = sourcecode.c.objc; path = InstagramUITestsLaunchTests.m; sourceTree = "<group>"; };
		EEA66202286A4ADB00D1CADB /* LoginViewController.h */ = {isa = PBXFileReference; lastKnownFileType = sourcecode.c.h; path = LoginViewController.h; sourceTree = "<group>"; };
		EEA66203286A4ADB00D1CADB /* LoginViewController.m */ = {isa = PBXFileReference; lastKnownFileType = sourcecode.c.objc; path = LoginViewController.m; sourceTree = "<group>"; };
		EEA66205286A4F8300D1CADB /* FeedViewController.h */ = {isa = PBXFileReference; lastKnownFileType = sourcecode.c.h; path = FeedViewController.h; sourceTree = "<group>"; };
		EEA66206286A4F8300D1CADB /* FeedViewController.m */ = {isa = PBXFileReference; lastKnownFileType = sourcecode.c.objc; path = FeedViewController.m; sourceTree = "<group>"; };
		EECCE872286A6270000D2054 /* ComposeViewController.h */ = {isa = PBXFileReference; lastKnownFileType = sourcecode.c.h; path = ComposeViewController.h; sourceTree = "<group>"; };
		EECCE873286A6270000D2054 /* ComposeViewController.m */ = {isa = PBXFileReference; lastKnownFileType = sourcecode.c.objc; path = ComposeViewController.m; sourceTree = "<group>"; };
		EECCE876286A70F1000D2054 /* Post.h */ = {isa = PBXFileReference; lastKnownFileType = sourcecode.c.h; path = Post.h; sourceTree = "<group>"; };
		EECCE877286A70F1000D2054 /* Post.m */ = {isa = PBXFileReference; lastKnownFileType = sourcecode.c.objc; path = Post.m; sourceTree = "<group>"; };
		F1F53F2000EAE47FD24F74C6 /* Pods-Instagram-InstagramUITests.release.xcconfig */ = {isa = PBXFileReference; includeInIndex = 1; lastKnownFileType = text.xcconfig; name = "Pods-Instagram-InstagramUITests.release.xcconfig"; path = "Target Support Files/Pods-Instagram-InstagramUITests/Pods-Instagram-InstagramUITests.release.xcconfig"; sourceTree = "<group>"; };
/* End PBXFileReference section */

/* Begin PBXFrameworksBuildPhase section */
		EEA661C5286A420000D1CADB /* Frameworks */ = {
			isa = PBXFrameworksBuildPhase;
			buildActionMask = 2147483647;
			files = (
				46DA7A261BF70EEA9BECBEF4 /* Pods_Instagram.framework in Frameworks */,
			);
			runOnlyForDeploymentPostprocessing = 0;
		};
		EEA661E0286A420100D1CADB /* Frameworks */ = {
			isa = PBXFrameworksBuildPhase;
			buildActionMask = 2147483647;
			files = (
				9E58853D91104D02240A97AB /* Pods_InstagramTests.framework in Frameworks */,
			);
			runOnlyForDeploymentPostprocessing = 0;
		};
		EEA661EA286A420100D1CADB /* Frameworks */ = {
			isa = PBXFrameworksBuildPhase;
			buildActionMask = 2147483647;
			files = (
				31C411460B317CA73B74701E /* Pods_Instagram_InstagramUITests.framework in Frameworks */,
			);
			runOnlyForDeploymentPostprocessing = 0;
		};
/* End PBXFrameworksBuildPhase section */

/* Begin PBXGroup section */
		115A90AEB98356E4F402C27B /* Pods */ = {
			isa = PBXGroup;
			children = (
				5357AEE279EA603F7964147D /* Pods-Instagram.debug.xcconfig */,
				D84E43313A144C60FE8A350A /* Pods-Instagram.release.xcconfig */,
				43E19CBE1C851364226CFA8E /* Pods-Instagram-InstagramUITests.debug.xcconfig */,
				F1F53F2000EAE47FD24F74C6 /* Pods-Instagram-InstagramUITests.release.xcconfig */,
				9D9CCAB0F8490F7CC0322A19 /* Pods-InstagramTests.debug.xcconfig */,
				A27950509F4F989EF3659DFD /* Pods-InstagramTests.release.xcconfig */,
			);
			path = Pods;
			sourceTree = "<group>";
		};
		9F208D2B42380B7D0E82B85F /* Frameworks */ = {
			isa = PBXGroup;
			children = (
				0082689585A38A3D94008D4F /* Pods_Instagram.framework */,
				61B5FEE403A0D9CDE3B41D62 /* Pods_Instagram_InstagramUITests.framework */,
				E1B7DE85F54DE6D5249142DF /* Pods_InstagramTests.framework */,
			);
			name = Frameworks;
			sourceTree = "<group>";
		};
		EEA661BF286A420000D1CADB = {
			isa = PBXGroup;
			children = (
				EEA661CA286A420000D1CADB /* Instagram */,
				EEA661E6286A420100D1CADB /* InstagramTests */,
				EEA661F0286A420100D1CADB /* InstagramUITests */,
				EEA661C9286A420000D1CADB /* Products */,
				115A90AEB98356E4F402C27B /* Pods */,
				9F208D2B42380B7D0E82B85F /* Frameworks */,
			);
			sourceTree = "<group>";
		};
		EEA661C9286A420000D1CADB /* Products */ = {
			isa = PBXGroup;
			children = (
				EEA661C8286A420000D1CADB /* Instagram.app */,
				EEA661E3286A420100D1CADB /* InstagramTests.xctest */,
				EEA661ED286A420100D1CADB /* InstagramUITests.xctest */,
			);
			name = Products;
			sourceTree = "<group>";
		};
		EEA661CA286A420000D1CADB /* Instagram */ = {
			isa = PBXGroup;
			children = (
				EECCE875286A70CC000D2054 /* Models */,
				EEA66201286A4ABE00D1CADB /* View Controllers */,
				EEA661CB286A420000D1CADB /* AppDelegate.h */,
				EEA661CC286A420000D1CADB /* AppDelegate.m */,
				EEA661CE286A420000D1CADB /* SceneDelegate.h */,
				EEA661CF286A420000D1CADB /* SceneDelegate.m */,
				EEA661D1286A420000D1CADB /* ViewController.h */,
				EEA661D2286A420000D1CADB /* ViewController.m */,
				EEA661D4286A420000D1CADB /* Main.storyboard */,
				EEA661D7286A420100D1CADB /* Assets.xcassets */,
				EEA661D9286A420100D1CADB /* LaunchScreen.storyboard */,
				EEA661DC286A420100D1CADB /* Info.plist */,
				EEA661DD286A420100D1CADB /* main.m */,
			);
			path = Instagram;
			sourceTree = "<group>";
		};
		EEA661E6286A420100D1CADB /* InstagramTests */ = {
			isa = PBXGroup;
			children = (
				EEA661E7286A420100D1CADB /* InstagramTests.m */,
			);
			path = InstagramTests;
			sourceTree = "<group>";
		};
		EEA661F0286A420100D1CADB /* InstagramUITests */ = {
			isa = PBXGroup;
			children = (
				EEA661F1286A420100D1CADB /* InstagramUITests.m */,
				EEA661F3286A420100D1CADB /* InstagramUITestsLaunchTests.m */,
			);
			path = InstagramUITests;
			sourceTree = "<group>";
		};
		EEA66201286A4ABE00D1CADB /* View Controllers */ = {
			isa = PBXGroup;
			children = (
				EEA66202286A4ADB00D1CADB /* LoginViewController.h */,
				EEA66203286A4ADB00D1CADB /* LoginViewController.m */,
				EEA66205286A4F8300D1CADB /* FeedViewController.h */,
				EEA66206286A4F8300D1CADB /* FeedViewController.m */,
				EECCE872286A6270000D2054 /* ComposeViewController.h */,
				EECCE873286A6270000D2054 /* ComposeViewController.m */,
			);
			path = "View Controllers";
			sourceTree = "<group>";
		};
		EECCE875286A70CC000D2054 /* Models */ = {
			isa = PBXGroup;
			children = (
				EECCE876286A70F1000D2054 /* Post.h */,
				EECCE877286A70F1000D2054 /* Post.m */,
			);
			path = Models;
			sourceTree = "<group>";
		};
/* End PBXGroup section */

/* Begin PBXNativeTarget section */
		EEA661C7286A420000D1CADB /* Instagram */ = {
			isa = PBXNativeTarget;
			buildConfigurationList = EEA661F7286A420100D1CADB /* Build configuration list for PBXNativeTarget "Instagram" */;
			buildPhases = (
				A0A1597295DE827938BCB0F4 /* [CP] Check Pods Manifest.lock */,
				EEA661C4286A420000D1CADB /* Sources */,
				EEA661C5286A420000D1CADB /* Frameworks */,
				EEA661C6286A420000D1CADB /* Resources */,
				D98B04A57AE4710C08D3347E /* [CP] Embed Pods Frameworks */,
			);
			buildRules = (
			);
			dependencies = (
			);
			name = Instagram;
			productName = Instagram;
			productReference = EEA661C8286A420000D1CADB /* Instagram.app */;
			productType = "com.apple.product-type.application";
		};
		EEA661E2286A420100D1CADB /* InstagramTests */ = {
			isa = PBXNativeTarget;
			buildConfigurationList = EEA661FA286A420100D1CADB /* Build configuration list for PBXNativeTarget "InstagramTests" */;
			buildPhases = (
				E52E7B35EE0D7F96CC7D1FF5 /* [CP] Check Pods Manifest.lock */,
				EEA661DF286A420100D1CADB /* Sources */,
				EEA661E0286A420100D1CADB /* Frameworks */,
				EEA661E1286A420100D1CADB /* Resources */,
			);
			buildRules = (
			);
			dependencies = (
				EEA661E5286A420100D1CADB /* PBXTargetDependency */,
			);
			name = InstagramTests;
			productName = InstagramTests;
			productReference = EEA661E3286A420100D1CADB /* InstagramTests.xctest */;
			productType = "com.apple.product-type.bundle.unit-test";
		};
		EEA661EC286A420100D1CADB /* InstagramUITests */ = {
			isa = PBXNativeTarget;
			buildConfigurationList = EEA661FD286A420100D1CADB /* Build configuration list for PBXNativeTarget "InstagramUITests" */;
			buildPhases = (
				F768FF53411757521BC92375 /* [CP] Check Pods Manifest.lock */,
				EEA661E9286A420100D1CADB /* Sources */,
				EEA661EA286A420100D1CADB /* Frameworks */,
				EEA661EB286A420100D1CADB /* Resources */,
				11A2A911091274DAA944CF13 /* [CP] Embed Pods Frameworks */,
			);
			buildRules = (
			);
			dependencies = (
				EEA661EF286A420100D1CADB /* PBXTargetDependency */,
			);
			name = InstagramUITests;
			productName = InstagramUITests;
			productReference = EEA661ED286A420100D1CADB /* InstagramUITests.xctest */;
			productType = "com.apple.product-type.bundle.ui-testing";
		};
/* End PBXNativeTarget section */

/* Begin PBXProject section */
		EEA661C0286A420000D1CADB /* Project object */ = {
			isa = PBXProject;
			attributes = {
				BuildIndependentTargetsInParallel = 1;
				LastUpgradeCheck = 1340;
				TargetAttributes = {
					EEA661C7286A420000D1CADB = {
						CreatedOnToolsVersion = 13.4;
					};
					EEA661E2286A420100D1CADB = {
						CreatedOnToolsVersion = 13.4;
						TestTargetID = EEA661C7286A420000D1CADB;
					};
					EEA661EC286A420100D1CADB = {
						CreatedOnToolsVersion = 13.4;
						TestTargetID = EEA661C7286A420000D1CADB;
					};
				};
			};
			buildConfigurationList = EEA661C3286A420000D1CADB /* Build configuration list for PBXProject "Instagram" */;
			compatibilityVersion = "Xcode 13.0";
			developmentRegion = en;
			hasScannedForEncodings = 0;
			knownRegions = (
				en,
				Base,
			);
			mainGroup = EEA661BF286A420000D1CADB;
			productRefGroup = EEA661C9286A420000D1CADB /* Products */;
			projectDirPath = "";
			projectRoot = "";
			targets = (
				EEA661C7286A420000D1CADB /* Instagram */,
				EEA661E2286A420100D1CADB /* InstagramTests */,
				EEA661EC286A420100D1CADB /* InstagramUITests */,
			);
		};
/* End PBXProject section */

/* Begin PBXResourcesBuildPhase section */
		EEA661C6286A420000D1CADB /* Resources */ = {
			isa = PBXResourcesBuildPhase;
			buildActionMask = 2147483647;
			files = (
				EEA661DB286A420100D1CADB /* LaunchScreen.storyboard in Resources */,
				EEA661D8286A420100D1CADB /* Assets.xcassets in Resources */,
				EEA661D6286A420000D1CADB /* Main.storyboard in Resources */,
			);
			runOnlyForDeploymentPostprocessing = 0;
		};
		EEA661E1286A420100D1CADB /* Resources */ = {
			isa = PBXResourcesBuildPhase;
			buildActionMask = 2147483647;
			files = (
			);
			runOnlyForDeploymentPostprocessing = 0;
		};
		EEA661EB286A420100D1CADB /* Resources */ = {
			isa = PBXResourcesBuildPhase;
			buildActionMask = 2147483647;
			files = (
			);
			runOnlyForDeploymentPostprocessing = 0;
		};
/* End PBXResourcesBuildPhase section */

/* Begin PBXShellScriptBuildPhase section */
		11A2A911091274DAA944CF13 /* [CP] Embed Pods Frameworks */ = {
			isa = PBXShellScriptBuildPhase;
			buildActionMask = 2147483647;
			files = (
			);
			inputFileListPaths = (
				"${PODS_ROOT}/Target Support Files/Pods-Instagram-InstagramUITests/Pods-Instagram-InstagramUITests-frameworks-${CONFIGURATION}-input-files.xcfilelist",
			);
			name = "[CP] Embed Pods Frameworks";
			outputFileListPaths = (
				"${PODS_ROOT}/Target Support Files/Pods-Instagram-InstagramUITests/Pods-Instagram-InstagramUITests-frameworks-${CONFIGURATION}-output-files.xcfilelist",
			);
			runOnlyForDeploymentPostprocessing = 0;
			shellPath = /bin/sh;
			shellScript = "\"${PODS_ROOT}/Target Support Files/Pods-Instagram-InstagramUITests/Pods-Instagram-InstagramUITests-frameworks.sh\"\n";
			showEnvVarsInLog = 0;
		};
		A0A1597295DE827938BCB0F4 /* [CP] Check Pods Manifest.lock */ = {
			isa = PBXShellScriptBuildPhase;
			buildActionMask = 2147483647;
			files = (
			);
			inputFileListPaths = (
			);
			inputPaths = (
				"${PODS_PODFILE_DIR_PATH}/Podfile.lock",
				"${PODS_ROOT}/Manifest.lock",
			);
			name = "[CP] Check Pods Manifest.lock";
			outputFileListPaths = (
			);
			outputPaths = (
				"$(DERIVED_FILE_DIR)/Pods-Instagram-checkManifestLockResult.txt",
			);
			runOnlyForDeploymentPostprocessing = 0;
			shellPath = /bin/sh;
			shellScript = "diff \"${PODS_PODFILE_DIR_PATH}/Podfile.lock\" \"${PODS_ROOT}/Manifest.lock\" > /dev/null\nif [ $? != 0 ] ; then\n    # print error to STDERR\n    echo \"error: The sandbox is not in sync with the Podfile.lock. Run 'pod install' or update your CocoaPods installation.\" >&2\n    exit 1\nfi\n# This output is used by Xcode 'outputs' to avoid re-running this script phase.\necho \"SUCCESS\" > \"${SCRIPT_OUTPUT_FILE_0}\"\n";
			showEnvVarsInLog = 0;
		};
		D98B04A57AE4710C08D3347E /* [CP] Embed Pods Frameworks */ = {
			isa = PBXShellScriptBuildPhase;
			buildActionMask = 2147483647;
			files = (
			);
			inputFileListPaths = (
				"${PODS_ROOT}/Target Support Files/Pods-Instagram/Pods-Instagram-frameworks-${CONFIGURATION}-input-files.xcfilelist",
			);
			name = "[CP] Embed Pods Frameworks";
			outputFileListPaths = (
				"${PODS_ROOT}/Target Support Files/Pods-Instagram/Pods-Instagram-frameworks-${CONFIGURATION}-output-files.xcfilelist",
			);
			runOnlyForDeploymentPostprocessing = 0;
			shellPath = /bin/sh;
			shellScript = "\"${PODS_ROOT}/Target Support Files/Pods-Instagram/Pods-Instagram-frameworks.sh\"\n";
			showEnvVarsInLog = 0;
		};
		E52E7B35EE0D7F96CC7D1FF5 /* [CP] Check Pods Manifest.lock */ = {
			isa = PBXShellScriptBuildPhase;
			buildActionMask = 2147483647;
			files = (
			);
			inputFileListPaths = (
			);
			inputPaths = (
				"${PODS_PODFILE_DIR_PATH}/Podfile.lock",
				"${PODS_ROOT}/Manifest.lock",
			);
			name = "[CP] Check Pods Manifest.lock";
			outputFileListPaths = (
			);
			outputPaths = (
				"$(DERIVED_FILE_DIR)/Pods-InstagramTests-checkManifestLockResult.txt",
			);
			runOnlyForDeploymentPostprocessing = 0;
			shellPath = /bin/sh;
			shellScript = "diff \"${PODS_PODFILE_DIR_PATH}/Podfile.lock\" \"${PODS_ROOT}/Manifest.lock\" > /dev/null\nif [ $? != 0 ] ; then\n    # print error to STDERR\n    echo \"error: The sandbox is not in sync with the Podfile.lock. Run 'pod install' or update your CocoaPods installation.\" >&2\n    exit 1\nfi\n# This output is used by Xcode 'outputs' to avoid re-running this script phase.\necho \"SUCCESS\" > \"${SCRIPT_OUTPUT_FILE_0}\"\n";
			showEnvVarsInLog = 0;
		};
		F768FF53411757521BC92375 /* [CP] Check Pods Manifest.lock */ = {
			isa = PBXShellScriptBuildPhase;
			buildActionMask = 2147483647;
			files = (
			);
			inputFileListPaths = (
			);
			inputPaths = (
				"${PODS_PODFILE_DIR_PATH}/Podfile.lock",
				"${PODS_ROOT}/Manifest.lock",
			);
			name = "[CP] Check Pods Manifest.lock";
			outputFileListPaths = (
			);
			outputPaths = (
				"$(DERIVED_FILE_DIR)/Pods-Instagram-InstagramUITests-checkManifestLockResult.txt",
			);
			runOnlyForDeploymentPostprocessing = 0;
			shellPath = /bin/sh;
			shellScript = "diff \"${PODS_PODFILE_DIR_PATH}/Podfile.lock\" \"${PODS_ROOT}/Manifest.lock\" > /dev/null\nif [ $? != 0 ] ; then\n    # print error to STDERR\n    echo \"error: The sandbox is not in sync with the Podfile.lock. Run 'pod install' or update your CocoaPods installation.\" >&2\n    exit 1\nfi\n# This output is used by Xcode 'outputs' to avoid re-running this script phase.\necho \"SUCCESS\" > \"${SCRIPT_OUTPUT_FILE_0}\"\n";
			showEnvVarsInLog = 0;
		};
/* End PBXShellScriptBuildPhase section */

/* Begin PBXSourcesBuildPhase section */
		EEA661C4286A420000D1CADB /* Sources */ = {
			isa = PBXSourcesBuildPhase;
			buildActionMask = 2147483647;
			files = (
				EEA661D3286A420000D1CADB /* ViewController.m in Sources */,
				EEA661CD286A420000D1CADB /* AppDelegate.m in Sources */,
				EEA661DE286A420100D1CADB /* main.m in Sources */,
				EEA661D0286A420000D1CADB /* SceneDelegate.m in Sources */,
				EECCE874286A6270000D2054 /* ComposeViewController.m in Sources */,
				EEA66207286A4F8300D1CADB /* FeedViewController.m in Sources */,
				EEA66204286A4ADB00D1CADB /* LoginViewController.m in Sources */,
				EECCE878286A70F1000D2054 /* Post.m in Sources */,
			);
			runOnlyForDeploymentPostprocessing = 0;
		};
		EEA661DF286A420100D1CADB /* Sources */ = {
			isa = PBXSourcesBuildPhase;
			buildActionMask = 2147483647;
			files = (
				EEA661E8286A420100D1CADB /* InstagramTests.m in Sources */,
			);
			runOnlyForDeploymentPostprocessing = 0;
		};
		EEA661E9286A420100D1CADB /* Sources */ = {
			isa = PBXSourcesBuildPhase;
			buildActionMask = 2147483647;
			files = (
				EEA661F2286A420100D1CADB /* InstagramUITests.m in Sources */,
				EEA661F4286A420100D1CADB /* InstagramUITestsLaunchTests.m in Sources */,
			);
			runOnlyForDeploymentPostprocessing = 0;
		};
/* End PBXSourcesBuildPhase section */

/* Begin PBXTargetDependency section */
		EEA661E5286A420100D1CADB /* PBXTargetDependency */ = {
			isa = PBXTargetDependency;
			target = EEA661C7286A420000D1CADB /* Instagram */;
			targetProxy = EEA661E4286A420100D1CADB /* PBXContainerItemProxy */;
		};
		EEA661EF286A420100D1CADB /* PBXTargetDependency */ = {
			isa = PBXTargetDependency;
			target = EEA661C7286A420000D1CADB /* Instagram */;
			targetProxy = EEA661EE286A420100D1CADB /* PBXContainerItemProxy */;
		};
/* End PBXTargetDependency section */

/* Begin PBXVariantGroup section */
		EEA661D4286A420000D1CADB /* Main.storyboard */ = {
			isa = PBXVariantGroup;
			children = (
				EEA661D5286A420000D1CADB /* Base */,
			);
			name = Main.storyboard;
			sourceTree = "<group>";
		};
		EEA661D9286A420100D1CADB /* LaunchScreen.storyboard */ = {
			isa = PBXVariantGroup;
			children = (
				EEA661DA286A420100D1CADB /* Base */,
			);
			name = LaunchScreen.storyboard;
			sourceTree = "<group>";
		};
/* End PBXVariantGroup section */

/* Begin XCBuildConfiguration section */
		EEA661F5286A420100D1CADB /* Debug */ = {
			isa = XCBuildConfiguration;
			buildSettings = {
				ALWAYS_SEARCH_USER_PATHS = NO;
				CLANG_ANALYZER_NONNULL = YES;
				CLANG_ANALYZER_NUMBER_OBJECT_CONVERSION = YES_AGGRESSIVE;
				CLANG_CXX_LANGUAGE_STANDARD = "gnu++17";
				CLANG_ENABLE_MODULES = YES;
				CLANG_ENABLE_OBJC_ARC = YES;
				CLANG_ENABLE_OBJC_WEAK = YES;
				CLANG_WARN_BLOCK_CAPTURE_AUTORELEASING = YES;
				CLANG_WARN_BOOL_CONVERSION = YES;
				CLANG_WARN_COMMA = YES;
				CLANG_WARN_CONSTANT_CONVERSION = YES;
				CLANG_WARN_DEPRECATED_OBJC_IMPLEMENTATIONS = YES;
				CLANG_WARN_DIRECT_OBJC_ISA_USAGE = YES_ERROR;
				CLANG_WARN_DOCUMENTATION_COMMENTS = YES;
				CLANG_WARN_EMPTY_BODY = YES;
				CLANG_WARN_ENUM_CONVERSION = YES;
				CLANG_WARN_INFINITE_RECURSION = YES;
				CLANG_WARN_INT_CONVERSION = YES;
				CLANG_WARN_NON_LITERAL_NULL_CONVERSION = YES;
				CLANG_WARN_OBJC_IMPLICIT_RETAIN_SELF = YES;
				CLANG_WARN_OBJC_LITERAL_CONVERSION = YES;
				CLANG_WARN_OBJC_ROOT_CLASS = YES_ERROR;
				CLANG_WARN_QUOTED_INCLUDE_IN_FRAMEWORK_HEADER = YES;
				CLANG_WARN_RANGE_LOOP_ANALYSIS = YES;
				CLANG_WARN_STRICT_PROTOTYPES = YES;
				CLANG_WARN_SUSPICIOUS_MOVE = YES;
				CLANG_WARN_UNGUARDED_AVAILABILITY = YES_AGGRESSIVE;
				CLANG_WARN_UNREACHABLE_CODE = YES;
				CLANG_WARN__DUPLICATE_METHOD_MATCH = YES;
				COPY_PHASE_STRIP = NO;
				DEBUG_INFORMATION_FORMAT = dwarf;
				ENABLE_STRICT_OBJC_MSGSEND = YES;
				ENABLE_TESTABILITY = YES;
				GCC_C_LANGUAGE_STANDARD = gnu11;
				GCC_DYNAMIC_NO_PIC = NO;
				GCC_NO_COMMON_BLOCKS = YES;
				GCC_OPTIMIZATION_LEVEL = 0;
				GCC_PREPROCESSOR_DEFINITIONS = (
					"DEBUG=1",
					"$(inherited)",
				);
				GCC_WARN_64_TO_32_BIT_CONVERSION = YES;
				GCC_WARN_ABOUT_RETURN_TYPE = YES_ERROR;
				GCC_WARN_UNDECLARED_SELECTOR = YES;
				GCC_WARN_UNINITIALIZED_AUTOS = YES_AGGRESSIVE;
				GCC_WARN_UNUSED_FUNCTION = YES;
				GCC_WARN_UNUSED_VARIABLE = YES;
				IPHONEOS_DEPLOYMENT_TARGET = 15.5;
				MTL_ENABLE_DEBUG_INFO = INCLUDE_SOURCE;
				MTL_FAST_MATH = YES;
				ONLY_ACTIVE_ARCH = YES;
				SDKROOT = iphoneos;
			};
			name = Debug;
		};
		EEA661F6286A420100D1CADB /* Release */ = {
			isa = XCBuildConfiguration;
			buildSettings = {
				ALWAYS_SEARCH_USER_PATHS = NO;
				CLANG_ANALYZER_NONNULL = YES;
				CLANG_ANALYZER_NUMBER_OBJECT_CONVERSION = YES_AGGRESSIVE;
				CLANG_CXX_LANGUAGE_STANDARD = "gnu++17";
				CLANG_ENABLE_MODULES = YES;
				CLANG_ENABLE_OBJC_ARC = YES;
				CLANG_ENABLE_OBJC_WEAK = YES;
				CLANG_WARN_BLOCK_CAPTURE_AUTORELEASING = YES;
				CLANG_WARN_BOOL_CONVERSION = YES;
				CLANG_WARN_COMMA = YES;
				CLANG_WARN_CONSTANT_CONVERSION = YES;
				CLANG_WARN_DEPRECATED_OBJC_IMPLEMENTATIONS = YES;
				CLANG_WARN_DIRECT_OBJC_ISA_USAGE = YES_ERROR;
				CLANG_WARN_DOCUMENTATION_COMMENTS = YES;
				CLANG_WARN_EMPTY_BODY = YES;
				CLANG_WARN_ENUM_CONVERSION = YES;
				CLANG_WARN_INFINITE_RECURSION = YES;
				CLANG_WARN_INT_CONVERSION = YES;
				CLANG_WARN_NON_LITERAL_NULL_CONVERSION = YES;
				CLANG_WARN_OBJC_IMPLICIT_RETAIN_SELF = YES;
				CLANG_WARN_OBJC_LITERAL_CONVERSION = YES;
				CLANG_WARN_OBJC_ROOT_CLASS = YES_ERROR;
				CLANG_WARN_QUOTED_INCLUDE_IN_FRAMEWORK_HEADER = YES;
				CLANG_WARN_RANGE_LOOP_ANALYSIS = YES;
				CLANG_WARN_STRICT_PROTOTYPES = YES;
				CLANG_WARN_SUSPICIOUS_MOVE = YES;
				CLANG_WARN_UNGUARDED_AVAILABILITY = YES_AGGRESSIVE;
				CLANG_WARN_UNREACHABLE_CODE = YES;
				CLANG_WARN__DUPLICATE_METHOD_MATCH = YES;
				COPY_PHASE_STRIP = NO;
				DEBUG_INFORMATION_FORMAT = "dwarf-with-dsym";
				ENABLE_NS_ASSERTIONS = NO;
				ENABLE_STRICT_OBJC_MSGSEND = YES;
				GCC_C_LANGUAGE_STANDARD = gnu11;
				GCC_NO_COMMON_BLOCKS = YES;
				GCC_WARN_64_TO_32_BIT_CONVERSION = YES;
				GCC_WARN_ABOUT_RETURN_TYPE = YES_ERROR;
				GCC_WARN_UNDECLARED_SELECTOR = YES;
				GCC_WARN_UNINITIALIZED_AUTOS = YES_AGGRESSIVE;
				GCC_WARN_UNUSED_FUNCTION = YES;
				GCC_WARN_UNUSED_VARIABLE = YES;
				IPHONEOS_DEPLOYMENT_TARGET = 15.5;
				MTL_ENABLE_DEBUG_INFO = NO;
				MTL_FAST_MATH = YES;
				SDKROOT = iphoneos;
				VALIDATE_PRODUCT = YES;
			};
			name = Release;
		};
		EEA661F8286A420100D1CADB /* Debug */ = {
			isa = XCBuildConfiguration;
			baseConfigurationReference = 5357AEE279EA603F7964147D /* Pods-Instagram.debug.xcconfig */;
			buildSettings = {
				ASSETCATALOG_COMPILER_APPICON_NAME = AppIcon;
				ASSETCATALOG_COMPILER_GLOBAL_ACCENT_COLOR_NAME = AccentColor;
				CODE_SIGN_STYLE = Automatic;
				CURRENT_PROJECT_VERSION = 1;
				GENERATE_INFOPLIST_FILE = YES;
				INFOPLIST_FILE = Instagram/Info.plist;
				INFOPLIST_KEY_UIApplicationSupportsIndirectInputEvents = YES;
				INFOPLIST_KEY_UILaunchStoryboardName = LaunchScreen;
				INFOPLIST_KEY_UIMainStoryboardFile = Main;
				INFOPLIST_KEY_UISupportedInterfaceOrientations_iPad = "UIInterfaceOrientationPortrait UIInterfaceOrientationPortraitUpsideDown UIInterfaceOrientationLandscapeLeft UIInterfaceOrientationLandscapeRight";
				INFOPLIST_KEY_UISupportedInterfaceOrientations_iPhone = "UIInterfaceOrientationPortrait UIInterfaceOrientationLandscapeLeft UIInterfaceOrientationLandscapeRight";
				LD_RUNPATH_SEARCH_PATHS = (
					"$(inherited)",
					"@executable_path/Frameworks",
				);
				MARKETING_VERSION = 1.0;
				PRODUCT_BUNDLE_IDENTIFIER = com.codepath.www.Instagram;
				PRODUCT_NAME = "$(TARGET_NAME)";
				SWIFT_EMIT_LOC_STRINGS = YES;
				TARGETED_DEVICE_FAMILY = "1,2";
			};
			name = Debug;
		};
		EEA661F9286A420100D1CADB /* Release */ = {
			isa = XCBuildConfiguration;
			baseConfigurationReference = D84E43313A144C60FE8A350A /* Pods-Instagram.release.xcconfig */;
			buildSettings = {
				ASSETCATALOG_COMPILER_APPICON_NAME = AppIcon;
				ASSETCATALOG_COMPILER_GLOBAL_ACCENT_COLOR_NAME = AccentColor;
				CODE_SIGN_STYLE = Automatic;
				CURRENT_PROJECT_VERSION = 1;
				GENERATE_INFOPLIST_FILE = YES;
				INFOPLIST_FILE = Instagram/Info.plist;
				INFOPLIST_KEY_UIApplicationSupportsIndirectInputEvents = YES;
				INFOPLIST_KEY_UILaunchStoryboardName = LaunchScreen;
				INFOPLIST_KEY_UIMainStoryboardFile = Main;
				INFOPLIST_KEY_UISupportedInterfaceOrientations_iPad = "UIInterfaceOrientationPortrait UIInterfaceOrientationPortraitUpsideDown UIInterfaceOrientationLandscapeLeft UIInterfaceOrientationLandscapeRight";
				INFOPLIST_KEY_UISupportedInterfaceOrientations_iPhone = "UIInterfaceOrientationPortrait UIInterfaceOrientationLandscapeLeft UIInterfaceOrientationLandscapeRight";
				LD_RUNPATH_SEARCH_PATHS = (
					"$(inherited)",
					"@executable_path/Frameworks",
				);
				MARKETING_VERSION = 1.0;
				PRODUCT_BUNDLE_IDENTIFIER = com.codepath.www.Instagram;
				PRODUCT_NAME = "$(TARGET_NAME)";
				SWIFT_EMIT_LOC_STRINGS = YES;
				TARGETED_DEVICE_FAMILY = "1,2";
			};
			name = Release;
		};
		EEA661FB286A420100D1CADB /* Debug */ = {
			isa = XCBuildConfiguration;
			baseConfigurationReference = 9D9CCAB0F8490F7CC0322A19 /* Pods-InstagramTests.debug.xcconfig */;
			buildSettings = {
				BUNDLE_LOADER = "$(TEST_HOST)";
				CODE_SIGN_STYLE = Automatic;
				CURRENT_PROJECT_VERSION = 1;
				GENERATE_INFOPLIST_FILE = YES;
				IPHONEOS_DEPLOYMENT_TARGET = 15.5;
				MARKETING_VERSION = 1.0;
				PRODUCT_BUNDLE_IDENTIFIER = com.codepath.www.InstagramTests;
				PRODUCT_NAME = "$(TARGET_NAME)";
				SWIFT_EMIT_LOC_STRINGS = NO;
				TARGETED_DEVICE_FAMILY = "1,2";
				TEST_HOST = "$(BUILT_PRODUCTS_DIR)/Instagram.app/Instagram";
			};
			name = Debug;
		};
		EEA661FC286A420100D1CADB /* Release */ = {
			isa = XCBuildConfiguration;
			baseConfigurationReference = A27950509F4F989EF3659DFD /* Pods-InstagramTests.release.xcconfig */;
			buildSettings = {
				BUNDLE_LOADER = "$(TEST_HOST)";
				CODE_SIGN_STYLE = Automatic;
				CURRENT_PROJECT_VERSION = 1;
				GENERATE_INFOPLIST_FILE = YES;
				IPHONEOS_DEPLOYMENT_TARGET = 15.5;
				MARKETING_VERSION = 1.0;
				PRODUCT_BUNDLE_IDENTIFIER = com.codepath.www.InstagramTests;
				PRODUCT_NAME = "$(TARGET_NAME)";
				SWIFT_EMIT_LOC_STRINGS = NO;
				TARGETED_DEVICE_FAMILY = "1,2";
				TEST_HOST = "$(BUILT_PRODUCTS_DIR)/Instagram.app/Instagram";
			};
			name = Release;
		};
		EEA661FE286A420100D1CADB /* Debug */ = {
			isa = XCBuildConfiguration;
			baseConfigurationReference = 43E19CBE1C851364226CFA8E /* Pods-Instagram-InstagramUITests.debug.xcconfig */;
			buildSettings = {
				CODE_SIGN_STYLE = Automatic;
				CURRENT_PROJECT_VERSION = 1;
				GENERATE_INFOPLIST_FILE = YES;
				MARKETING_VERSION = 1.0;
				PRODUCT_BUNDLE_IDENTIFIER = com.codepath.www.InstagramUITests;
				PRODUCT_NAME = "$(TARGET_NAME)";
				SWIFT_EMIT_LOC_STRINGS = NO;
				TARGETED_DEVICE_FAMILY = "1,2";
				TEST_TARGET_NAME = Instagram;
			};
			name = Debug;
		};
		EEA661FF286A420100D1CADB /* Release */ = {
			isa = XCBuildConfiguration;
			baseConfigurationReference = F1F53F2000EAE47FD24F74C6 /* Pods-Instagram-InstagramUITests.release.xcconfig */;
			buildSettings = {
				CODE_SIGN_STYLE = Automatic;
				CURRENT_PROJECT_VERSION = 1;
				GENERATE_INFOPLIST_FILE = YES;
				MARKETING_VERSION = 1.0;
				PRODUCT_BUNDLE_IDENTIFIER = com.codepath.www.InstagramUITests;
				PRODUCT_NAME = "$(TARGET_NAME)";
				SWIFT_EMIT_LOC_STRINGS = NO;
				TARGETED_DEVICE_FAMILY = "1,2";
				TEST_TARGET_NAME = Instagram;
			};
			name = Release;
		};
/* End XCBuildConfiguration section */

/* Begin XCConfigurationList section */
		EEA661C3286A420000D1CADB /* Build configuration list for PBXProject "Instagram" */ = {
			isa = XCConfigurationList;
			buildConfigurations = (
				EEA661F5286A420100D1CADB /* Debug */,
				EEA661F6286A420100D1CADB /* Release */,
			);
			defaultConfigurationIsVisible = 0;
			defaultConfigurationName = Release;
		};
		EEA661F7286A420100D1CADB /* Build configuration list for PBXNativeTarget "Instagram" */ = {
			isa = XCConfigurationList;
			buildConfigurations = (
				EEA661F8286A420100D1CADB /* Debug */,
				EEA661F9286A420100D1CADB /* Release */,
			);
			defaultConfigurationIsVisible = 0;
			defaultConfigurationName = Release;
		};
		EEA661FA286A420100D1CADB /* Build configuration list for PBXNativeTarget "InstagramTests" */ = {
			isa = XCConfigurationList;
			buildConfigurations = (
				EEA661FB286A420100D1CADB /* Debug */,
				EEA661FC286A420100D1CADB /* Release */,
			);
			defaultConfigurationIsVisible = 0;
			defaultConfigurationName = Release;
		};
		EEA661FD286A420100D1CADB /* Build configuration list for PBXNativeTarget "InstagramUITests" */ = {
			isa = XCConfigurationList;
			buildConfigurations = (
				EEA661FE286A420100D1CADB /* Debug */,
				EEA661FF286A420100D1CADB /* Release */,
			);
			defaultConfigurationIsVisible = 0;
			defaultConfigurationName = Release;
		};
/* End XCConfigurationList section */
	};
	rootObject = EEA661C0286A420000D1CADB /* Project object */;
}
